
Microsoft Visual Studio Solution File, Format Version 12.00
# Visual Studio Version 17
VisualStudioVersion = 17.14.37111.16 d17.14
MinimumVisualStudioVersion = 10.0.40219.1
Project("{FAE04EC0-301F-11D3-BF4B-00C04F79EFBC}") = "IndustrialProcessing", "IndustrialProcessing.csproj", "{780DCD55-A07E-4F49-8318-0F8EDD7BBC6D}"
EndProject
Project("{FAE04EC0-301F-11D3-BF4B-00C04F79EFBC}") = "IndustrialProcessing.Tests", "..\IndustrialProcessing.Tests\IndustrialProcessing.Tests.csproj", "{C308CD29-BE95-4B62-863B-8558089DE4F8}"
EndProject
Global
	GlobalSection(SolutionConfigurationPlatforms) = preSolution
		Debug|Any CPU = Debug|Any CPU
		Release|Any CPU = Release|Any CPU
	EndGlobalSection
	GlobalSection(ProjectConfigurationPlatforms) = postSolution
		{780DCD55-A07E-4F49-8318-0F8EDD7BBC6D}.Debug|Any CPU.ActiveCfg = Debug|Any CPU
		{780DCD55-A07E-4F49-8318-0F8EDD7BBC6D}.Debug|Any CPU.Build.0 = Debug|Any CPU
		{780DCD55-A07E-4F49-8318-0F8EDD7BBC6D}.Release|Any CPU.ActiveCfg = Release|Any CPU
		{780DCD55-A07E-4F49-8318-0F8EDD7BBC6D}.Release|Any CPU.Build.0 = Release|Any CPU
		{C308CD29-BE95-4B62-863B-8558089DE4F8}.Debug|Any CPU.ActiveCfg = Debug|Any CPU
		{C308CD29-BE95-4B62-863B-8558089DE4F8}.Debug|Any CPU.Build.0 = Debug|Any CPU
		{C308CD29-BE95-4B62-863B-8558089DE4F8}.Release|Any CPU.ActiveCfg = Release|Any CPU
		{C308CD29-BE95-4B62-863B-8558089DE4F8}.Release|Any CPU.Build.0 = Release|Any CPU
	EndGlobalSection
	GlobalSection(SolutionProperties) = preSolution
		HideSolutionNode = FALSE
	EndGlobalSection
	GlobalSection(ExtensibilityGlobals) = postSolution
		SolutionGuid = {79F24E66-478E-46E8-8384-299FFD836540}
	EndGlobalSection
EndGlobal
